
Microsoft Visual Studio Solution File, Format Version 12.00
# Visual Studio Version 16
VisualStudioVersion = 16.0.29306.81
MinimumVisualStudioVersion = 10.0.40219.1
Project("{8BC9CEB8-8B4A-11D0-8D11-00A0C91BC942}") = "ch5-08", "ch5-08.vcxproj", "{E6393808-AB7A-44F4-9E9F-C0EC37C3CF73}"
EndProject
Global
	GlobalSection(SolutionConfigurationPlatforms) = preSolution
		Debug|x64 = Debug|x64
		Debug|x86 = Debug|x86
		Release|x64 = Release|x64
		Release|x86 = Release|x86
	EndGlobalSection
	GlobalSection(ProjectConfigurationPlatforms) = postSolution
		{E6393808-AB7A-44F4-9E9F-C0EC37C3CF73}.Debug|x64.ActiveCfg = Debug|x64
		{E6393808-AB7A-44F4-9E9F-C0EC37C3CF73}.Debug|x64.Build.0 = Debug|x64
		{E6393808-AB7A-44F4-9E9F-C0EC37C3CF73}.Debug|x86.ActiveCfg = Debug|Win32
		{E6393808-AB7A-44F4-9E9F-C0EC37C3CF73}.Debug|x86.Build.0 = Debug|Win32
		{E6393808-AB7A-44F4-9E9F-C0EC37C3CF73}.Release|x64.ActiveCfg = Release|x64
		{E6393808-AB7A-44F4-9E9F-C0EC37C3CF73}.Release|x64.Build.0 = Release|x64
		{E6393808-AB7A-44F4-9E9F-C0EC37C3CF73}.Release|x86.ActiveCfg = Release|Win32
		{E6393808-AB7A-44F4-9E9F-C0EC37C3CF73}.Release|x86.Build.0 = Release|Win32
	EndGlobalSection
	GlobalSection(SolutionProperties) = preSolution
		HideSolutionNode = FALSE
	EndGlobalSection
	GlobalSection(ExtensibilityGlobals) = postSolution
		SolutionGuid = {118F9608-578C-44B9-8909-955DBB293C94}
	EndGlobalSection
EndGlobal
